
Microsoft Visual Studio Solution File, Format Version 12.00
# Visual Studio Version 17
VisualStudioVersion = 17.8.34525.116
MinimumVisualStudioVersion = 10.0.40219.1
Project("{9A19103F-16F7-4668-BE54-9A1E7A4F7556}") = "Tests", "Tests\Tests.csproj", "{827E3967-0741-48E7-9D73-4DEAE2D73B3D}"
EndProject
Project("{9A19103F-16F7-4668-BE54-9A1E7A4F7556}") = "Application", "Application\Application.csproj", "{B8ABB451-22E7-4347-A751-3ADB76902E44}"
EndProject
Project("{9A19103F-16F7-4668-BE54-9A1E7A4F7556}") = "Presentation", "Presentation\Presentation.csproj", "{6A4D7325-DDD2-4482-82EA-92DC44212688}"
EndProject
Project("{FAE04EC0-301F-11D3-BF4B-00C04F79EFBC}") = "Domain", "Domain\Domain.csproj", "{60CE9AA4-E9F5-4F22-A26B-21A0525C4F36}"
EndProject
Global
	GlobalSection(SolutionConfigurationPlatforms) = preSolution
		Debug|Any CPU = Debug|Any CPU
		Release|Any CPU = Release|Any CPU
	EndGlobalSection
	GlobalSection(ProjectConfigurationPlatforms) = postSolution
		{827E3967-0741-48E7-9D73-4DEAE2D73B3D}.Debug|Any CPU.ActiveCfg = Debug|Any CPU
		{827E3967-0741-48E7-9D73-4DEAE2D73B3D}.Debug|Any CPU.Build.0 = Debug|Any CPU
		{827E3967-0741-48E7-9D73-4DEAE2D73B3D}.Release|Any CPU.ActiveCfg = Release|Any CPU
		{827E3967-0741-48E7-9D73-4DEAE2D73B3D}.Release|Any CPU.Build.0 = Release|Any CPU
		{B8ABB451-22E7-4347-A751-3ADB76902E44}.Debug|Any CPU.ActiveCfg = Debug|Any CPU
		{B8ABB451-22E7-4347-A751-3ADB76902E44}.Debug|Any CPU.Build.0 = Debug|Any CPU
		{B8ABB451-22E7-4347-A751-3ADB76902E44}.Release|Any CPU.ActiveCfg = Release|Any CPU
		{B8ABB451-22E7-4347-A751-3ADB76902E44}.Release|Any CPU.Build.0 = Release|Any CPU
		{6A4D7325-DDD2-4482-82EA-92DC44212688}.Debug|Any CPU.ActiveCfg = Debug|Any CPU
		{6A4D7325-DDD2-4482-82EA-92DC44212688}.Debug|Any CPU.Build.0 = Debug|Any CPU
		{6A4D7325-DDD2-4482-82EA-92DC44212688}.Release|Any CPU.ActiveCfg = Release|Any CPU
		{6A4D7325-DDD2-4482-82EA-92DC44212688}.Release|Any CPU.Build.0 = Release|Any CPU
		{60CE9AA4-E9F5-4F22-A26B-21A0525C4F36}.Debug|Any CPU.ActiveCfg = Debug|Any CPU
		{60CE9AA4-E9F5-4F22-A26B-21A0525C4F36}.Debug|Any CPU.Build.0 = Debug|Any CPU
		{60CE9AA4-E9F5-4F22-A26B-21A0525C4F36}.Release|Any CPU.ActiveCfg = Release|Any CPU
		{60CE9AA4-E9F5-4F22-A26B-21A0525C4F36}.Release|Any CPU.Build.0 = Release|Any CPU
	EndGlobalSection
	GlobalSection(SolutionProperties) = preSolution
		HideSolutionNode = FALSE
	EndGlobalSection
	GlobalSection(ExtensibilityGlobals) = postSolution
		SolutionGuid = {39780844-77E9-40DE-9EC0-6E8E2CAADEE2}
	EndGlobalSection
EndGlobal
